
Microsoft Visual Studio Solution File, Format Version 12.00
# Visual Studio Version 16
VisualStudioVersion = 16.0.31624.102
MinimumVisualStudioVersion = 10.0.40219.1
Project("{FAE04EC0-301F-11D3-BF4B-00C04F79EFBC}") = "WeatherForecast", "WeatherForecast\WeatherForecast.csproj", "{57D9F038-3AA6-48F6-83DD-F01A70E862BE}"
EndProject
Global
	GlobalSection(SolutionConfigurationPlatforms) = preSolution
		Debug|Any CPU = Debug|Any CPU
		Release|Any CPU = Release|Any CPU
	EndGlobalSection
	GlobalSection(ProjectConfigurationPlatforms) = postSolution
		{57D9F038-3AA6-48F6-83DD-F01A70E862BE}.Debug|Any CPU.ActiveCfg = Debug|Any CPU
		{57D9F038-3AA6-48F6-83DD-F01A70E862BE}.Debug|Any CPU.Build.0 = Debug|Any CPU
		{57D9F038-3AA6-48F6-83DD-F01A70E862BE}.Release|Any CPU.ActiveCfg = Release|Any CPU
		{57D9F038-3AA6-48F6-83DD-F01A70E862BE}.Release|Any CPU.Build.0 = Release|Any CPU
	EndGlobalSection
	GlobalSection(SolutionProperties) = preSolution
		HideSolutionNode = FALSE
	EndGlobalSection
	GlobalSection(ExtensibilityGlobals) = postSolution
		SolutionGuid = {F9467456-9DD6-4ADB-9A8E-313789413152}
	EndGlobalSection
EndGlobal
